
Microsoft Visual Studio Solution File, Format Version 12.00
# Visual Studio 15
VisualStudioVersion = 15.0.28307.168
MinimumVisualStudioVersion = 10.0.40219.1
Project("{FAE04EC0-301F-11D3-BF4B-00C04F79EFBC}") = "WindowsFormsApp1", "WindowsFormsApp1\WindowsFormsApp1.csproj", "{C7FB0C25-BE2F-4496-A31F-756290B22ADF}"
EndProject
Global
	GlobalSection(SolutionConfigurationPlatforms) = preSolution
		Debug|Any CPU = Debug|Any CPU
		Release|Any CPU = Release|Any CPU
	EndGlobalSection
	GlobalSection(ProjectConfigurationPlatforms) = postSolution
		{C7FB0C25-BE2F-4496-A31F-756290B22ADF}.Debug|Any CPU.ActiveCfg = Debug|Any CPU
		{C7FB0C25-BE2F-4496-A31F-756290B22ADF}.Debug|Any CPU.Build.0 = Debug|Any CPU
		{C7FB0C25-BE2F-4496-A31F-756290B22ADF}.Release|Any CPU.ActiveCfg = Release|Any CPU
		{C7FB0C25-BE2F-4496-A31F-756290B22ADF}.Release|Any CPU.Build.0 = Release|Any CPU
	EndGlobalSection
	GlobalSection(SolutionProperties) = preSolution
		HideSolutionNode = FALSE
	EndGlobalSection
	GlobalSection(ExtensibilityGlobals) = postSolution
		SolutionGuid = {66E02EE1-8717-4BBD-8D3B-037FA6238FEA}
	EndGlobalSection
EndGlobal
